// !$*UTF8*$!
{
	archiveVersion = 1;
	classes = {
	};
	objectVersion = 55;
	objects = {

/* Begin PBXBuildFile section */
		133E7F0E28BF759B0011385B /* AppDelegate.swift in Sources */ = {isa = PBXBuildFile; fileRef = 133E7F0D28BF759B0011385B /* AppDelegate.swift */; };
		133E7F1028BF759B0011385B /* SceneDelegate.swift in Sources */ = {isa = PBXBuildFile; fileRef = 133E7F0F28BF759B0011385B /* SceneDelegate.swift */; };
		133E7F1228BF759B0011385B /* ViewController.swift in Sources */ = {isa = PBXBuildFile; fileRef = 133E7F1128BF759B0011385B /* ViewController.swift */; };
		133E7F1528BF759B0011385B /* Main.storyboard in Resources */ = {isa = PBXBuildFile; fileRef = 133E7F1328BF759B0011385B /* Main.storyboard */; };
		133E7F1728BF759C0011385B /* Assets.xcassets in Resources */ = {isa = PBXBuildFile; fileRef = 133E7F1628BF759C0011385B /* Assets.xcassets */; };
		133E7F1A28BF759C0011385B /* LaunchScreen.storyboard in Resources */ = {isa = PBXBuildFile; fileRef = 133E7F1828BF759C0011385B /* LaunchScreen.storyboard */; };
		133E7F2528BF759C0011385B /* Unit_Test_Network_RequestTests.swift in Sources */ = {isa = PBXBuildFile; fileRef = 133E7F2428BF759C0011385B /* Unit_Test_Network_RequestTests.swift */; };
		133E7F2F28BF759C0011385B /* Unit_Test_Network_RequestUITests.swift in Sources */ = {isa = PBXBuildFile; fileRef = 133E7F2E28BF759C0011385B /* Unit_Test_Network_RequestUITests.swift */; };
		133E7F3128BF759C0011385B /* Unit_Test_Network_RequestUITestsLaunchTests.swift in Sources */ = {isa = PBXBuildFile; fileRef = 133E7F3028BF759C0011385B /* Unit_Test_Network_RequestUITestsLaunchTests.swift */; };
/* End PBXBuildFile section */

/* Begin PBXContainerItemProxy section */
		133E7F2128BF759C0011385B /* PBXContainerItemProxy */ = {
			isa = PBXContainerItemProxy;
			containerPortal = 133E7F0228BF759B0011385B /* Project object */;
			proxyType = 1;
			remoteGlobalIDString = 133E7F0928BF759B0011385B;
			remoteInfo = "Unit-Test-Network-Request";
		};
		133E7F2B28BF759C0011385B /* PBXContainerItemProxy */ = {
			isa = PBXContainerItemProxy;
			containerPortal = 133E7F0228BF759B0011385B /* Project object */;
			proxyType = 1;
			remoteGlobalIDString = 133E7F0928BF759B0011385B;
			remoteInfo = "Unit-Test-Network-Request";
		};
/* End PBXContainerItemProxy section */

/* Begin PBXFileReference section */
		133E7F0A28BF759B0011385B /* Unit-Test-Network-Request.app */ = {isa = PBXFileReference; explicitFileType = wrapper.application; includeInIndex = 0; path = "Unit-Test-Network-Request.app"; sourceTree = BUILT_PRODUCTS_DIR; };
		133E7F0D28BF759B0011385B /* AppDelegate.swift */ = {isa = PBXFileReference; lastKnownFileType = sourcecode.swift; path = AppDelegate.swift; sourceTree = "<group>"; };
		133E7F0F28BF759B0011385B /* SceneDelegate.swift */ = {isa = PBXFileReference; lastKnownFileType = sourcecode.swift; path = SceneDelegate.swift; sourceTree = "<group>"; };
		133E7F1128BF759B0011385B /* ViewController.swift */ = {isa = PBXFileReference; lastKnownFileType = sourcecode.swift; path = ViewController.swift; sourceTree = "<group>"; };
		133E7F1428BF759B0011385B /* Base */ = {isa = PBXFileReference; lastKnownFileType = file.storyboard; name = Base; path = Base.lproj/Main.storyboard; sourceTree = "<group>"; };
		133E7F1628BF759C0011385B /* Assets.xcassets */ = {isa = PBXFileReference; lastKnownFileType = folder.assetcatalog; path = Assets.xcassets; sourceTree = "<group>"; };
		133E7F1928BF759C0011385B /* Base */ = {isa = PBXFileReference; lastKnownFileType = file.storyboard; name = Base; path = Base.lproj/LaunchScreen.storyboard; sourceTree = "<group>"; };
		133E7F1B28BF759C0011385B /* Info.plist */ = {isa = PBXFileReference; lastKnownFileType = text.plist.xml; path = Info.plist; sourceTree = "<group>"; };
		133E7F2028BF759C0011385B /* Unit-Test-Network-RequestTests.xctest */ = {isa = PBXFileReference; explicitFileType = wrapper.cfbundle; includeInIndex = 0; path = "Unit-Test-Network-RequestTests.xctest"; sourceTree = BUILT_PRODUCTS_DIR; };
		133E7F2428BF759C0011385B /* Unit_Test_Network_RequestTests.swift */ = {isa = PBXFileReference; lastKnownFileType = sourcecode.swift; path = Unit_Test_Network_RequestTests.swift; sourceTree = "<group>"; };
		133E7F2A28BF759C0011385B /* Unit-Test-Network-RequestUITests.xctest */ = {isa = PBXFileReference; explicitFileType = wrapper.cfbundle; includeInIndex = 0; path = "Unit-Test-Network-RequestUITests.xctest"; sourceTree = BUILT_PRODUCTS_DIR; };
		133E7F2E28BF759C0011385B /* Unit_Test_Network_RequestUITests.swift */ = {isa = PBXFileReference; lastKnownFileType = sourcecode.swift; path = Unit_Test_Network_RequestUITests.swift; sourceTree = "<group>"; };
		133E7F3028BF759C0011385B /* Unit_Test_Network_RequestUITestsLaunchTests.swift */ = {isa = PBXFileReference; lastKnownFileType = sourcecode.swift; path = Unit_Test_Network_RequestUITestsLaunchTests.swift; sourceTree = "<group>"; };
/* End PBXFileReference section */

/* Begin PBXFrameworksBuildPhase section */
		133E7F0728BF759B0011385B /* Frameworks */ = {
			isa = PBXFrameworksBuildPhase;
			buildActionMask = 2147483647;
			files = (
			);
			runOnlyForDeploymentPostprocessing = 0;
		};
		133E7F1D28BF759C0011385B /* Frameworks */ = {
			isa = PBXFrameworksBuildPhase;
			buildActionMask = 2147483647;
			files = (
			);
			runOnlyForDeploymentPostprocessing = 0;
		};
		133E7F2728BF759C0011385B /* Frameworks */ = {
			isa = PBXFrameworksBuildPhase;
			buildActionMask = 2147483647;
			files = (
			);
			runOnlyForDeploymentPostprocessing = 0;
		};
/* End PBXFrameworksBuildPhase section */

/* Begin PBXGroup section */
		133E7F0128BF759B0011385B = {
			isa = PBXGroup;
			children = (
				133E7F0C28BF759B0011385B /* Unit-Test-Network-Request */,
				133E7F2328BF759C0011385B /* Unit-Test-Network-RequestTests */,
				133E7F2D28BF759C0011385B /* Unit-Test-Network-RequestUITests */,
				133E7F0B28BF759B0011385B /* Products */,
			);
			sourceTree = "<group>";
		};
		133E7F0B28BF759B0011385B /* Products */ = {
			isa = PBXGroup;
			children = (
				133E7F0A28BF759B0011385B /* Unit-Test-Network-Request.app */,
				133E7F2028BF759C0011385B /* Unit-Test-Network-RequestTests.xctest */,
				133E7F2A28BF759C0011385B /* Unit-Test-Network-RequestUITests.xctest */,
			);
			name = Products;
			sourceTree = "<group>";
		};
		133E7F0C28BF759B0011385B /* Unit-Test-Network-Request */ = {
			isa = PBXGroup;
			children = (
				13A9D66328BF7D2C00764229 /* Modules */,
				13A9D66628BF7D5000764229 /* Resources */,
				13A9D66228BF7D1F00764229 /* Supports */,
			);
			path = "Unit-Test-Network-Request";
			sourceTree = "<group>";
		};
		133E7F2328BF759C0011385B /* Unit-Test-Network-RequestTests */ = {
			isa = PBXGroup;
			children = (
				133E7F2428BF759C0011385B /* Unit_Test_Network_RequestTests.swift */,
			);
			path = "Unit-Test-Network-RequestTests";
			sourceTree = "<group>";
		};
		133E7F2D28BF759C0011385B /* Unit-Test-Network-RequestUITests */ = {
			isa = PBXGroup;
			children = (
				133E7F2E28BF759C0011385B /* Unit_Test_Network_RequestUITests.swift */,
				133E7F3028BF759C0011385B /* Unit_Test_Network_RequestUITestsLaunchTests.swift */,
			);
			path = "Unit-Test-Network-RequestUITests";
			sourceTree = "<group>";
		};
		13A9D66228BF7D1F00764229 /* Supports */ = {
			isa = PBXGroup;
			children = (
				133E7F1B28BF759C0011385B /* Info.plist */,
				133E7F0D28BF759B0011385B /* AppDelegate.swift */,
				133E7F0F28BF759B0011385B /* SceneDelegate.swift */,
			);
			path = Supports;
			sourceTree = "<group>";
		};
		13A9D66328BF7D2C00764229 /* Modules */ = {
			isa = PBXGroup;
			children = (
				13A9D66428BF7D3700764229 /* Storyboards */,
				13A9D66528BF7D4400764229 /* ViewController */,
			);
			path = Modules;
			sourceTree = "<group>";
		};
		13A9D66428BF7D3700764229 /* Storyboards */ = {
			isa = PBXGroup;
			children = (
				133E7F1328BF759B0011385B /* Main.storyboard */,
				133E7F1828BF759C0011385B /* LaunchScreen.storyboard */,
			);
			path = Storyboards;
			sourceTree = "<group>";
		};
		13A9D66528BF7D4400764229 /* ViewController */ = {
			isa = PBXGroup;
			children = (
				133E7F1128BF759B0011385B /* ViewController.swift */,
			);
			path = ViewController;
			sourceTree = "<group>";
		};
		13A9D66628BF7D5000764229 /* Resources */ = {
			isa = PBXGroup;
			children = (
				133E7F1628BF759C0011385B /* Assets.xcassets */,
			);
			path = Resources;
			sourceTree = "<group>";
		};
/* End PBXGroup section */

/* Begin PBXNativeTarget section */
		133E7F0928BF759B0011385B /* Unit-Test-Network-Request */ = {
			isa = PBXNativeTarget;
			buildConfigurationList = 133E7F3428BF759C0011385B /* Build configuration list for PBXNativeTarget "Unit-Test-Network-Request" */;
			buildPhases = (
				133E7F0628BF759B0011385B /* Sources */,
				133E7F0728BF759B0011385B /* Frameworks */,
				133E7F0828BF759B0011385B /* Resources */,
			);
			buildRules = (
			);
			dependencies = (
			);
			name = "Unit-Test-Network-Request";
			productName = "Unit-Test-Network-Request";
			productReference = 133E7F0A28BF759B0011385B /* Unit-Test-Network-Request.app */;
			productType = "com.apple.product-type.application";
		};
		133E7F1F28BF759C0011385B /* Unit-Test-Network-RequestTests */ = {
			isa = PBXNativeTarget;
			buildConfigurationList = 133E7F3728BF759C0011385B /* Build configuration list for PBXNativeTarget "Unit-Test-Network-RequestTests" */;
			buildPhases = (
				133E7F1C28BF759C0011385B /* Sources */,
				133E7F1D28BF759C0011385B /* Frameworks */,
				133E7F1E28BF759C0011385B /* Resources */,
			);
			buildRules = (
			);
			dependencies = (
				133E7F2228BF759C0011385B /* PBXTargetDependency */,
			);
			name = "Unit-Test-Network-RequestTests";
			productName = "Unit-Test-Network-RequestTests";
			productReference = 133E7F2028BF759C0011385B /* Unit-Test-Network-RequestTests.xctest */;
			productType = "com.apple.product-type.bundle.unit-test";
		};
		133E7F2928BF759C0011385B /* Unit-Test-Network-RequestUITests */ = {
			isa = PBXNativeTarget;
			buildConfigurationList = 133E7F3A28BF759C0011385B /* Build configuration list for PBXNativeTarget "Unit-Test-Network-RequestUITests" */;
			buildPhases = (
				133E7F2628BF759C0011385B /* Sources */,
				133E7F2728BF759C0011385B /* Frameworks */,
				133E7F2828BF759C0011385B /* Resources */,
			);
			buildRules = (
			);
			dependencies = (
				133E7F2C28BF759C0011385B /* PBXTargetDependency */,
			);
			name = "Unit-Test-Network-RequestUITests";
			productName = "Unit-Test-Network-RequestUITests";
			productReference = 133E7F2A28BF759C0011385B /* Unit-Test-Network-RequestUITests.xctest */;
			productType = "com.apple.product-type.bundle.ui-testing";
		};
/* End PBXNativeTarget section */

/* Begin PBXProject section */
		133E7F0228BF759B0011385B /* Project object */ = {
			isa = PBXProject;
			attributes = {
				BuildIndependentTargetsInParallel = 1;
				LastSwiftUpdateCheck = 1340;
				LastUpgradeCheck = 1340;
				TargetAttributes = {
					133E7F0928BF759B0011385B = {
						CreatedOnToolsVersion = 13.4.1;
					};
					133E7F1F28BF759C0011385B = {
						CreatedOnToolsVersion = 13.4.1;
						TestTargetID = 133E7F0928BF759B0011385B;
					};
					133E7F2928BF759C0011385B = {
						CreatedOnToolsVersion = 13.4.1;
						TestTargetID = 133E7F0928BF759B0011385B;
					};
				};
			};
			buildConfigurationList = 133E7F0528BF759B0011385B /* Build configuration list for PBXProject "Unit-Test-Network-Request" */;
			compatibilityVersion = "Xcode 13.0";
			developmentRegion = en;
			hasScannedForEncodings = 0;
			knownRegions = (
				en,
				Base,
			);
			mainGroup = 133E7F0128BF759B0011385B;
			productRefGroup = 133E7F0B28BF759B0011385B /* Products */;
			projectDirPath = "";
			projectRoot = "";
			targets = (
				133E7F0928BF759B0011385B /* Unit-Test-Network-Request */,
				133E7F1F28BF759C0011385B /* Unit-Test-Network-RequestTests */,
				133E7F2928BF759C0011385B /* Unit-Test-Network-RequestUITests */,
			);
		};
/* End PBXProject section */

/* Begin PBXResourcesBuildPhase section */
		133E7F0828BF759B0011385B /* Resources */ = {
			isa = PBXResourcesBuildPhase;
			buildActionMask = 2147483647;
			files = (
				133E7F1A28BF759C0011385B /* LaunchScreen.storyboard in Resources */,
				133E7F1728BF759C0011385B /* Assets.xcassets in Resources */,
				133E7F1528BF759B0011385B /* Main.storyboard in Resources */,
			);
			runOnlyForDeploymentPostprocessing = 0;
		};
		133E7F1E28BF759C0011385B /* Resources */ = {
			isa = PBXResourcesBuildPhase;
			buildActionMask = 2147483647;
			files = (
			);
			runOnlyForDeploymentPostprocessing = 0;
		};
		133E7F2828BF759C0011385B /* Resources */ = {
			isa = PBXResourcesBuildPhase;
			buildActionMask = 2147483647;
			files = (
			);
			runOnlyForDeploymentPostprocessing = 0;
		};
/* End PBXResourcesBuildPhase section */

/* Begin PBXSourcesBuildPhase section */
		133E7F0628BF759B0011385B /* Sources */ = {
			isa = PBXSourcesBuildPhase;
			buildActionMask = 2147483647;
			files = (
				133E7F1228BF759B0011385B /* ViewController.swift in Sources */,
				133E7F0E28BF759B0011385B /* AppDelegate.swift in Sources */,
				133E7F1028BF759B0011385B /* SceneDelegate.swift in Sources */,
			);
			runOnlyForDeploymentPostprocessing = 0;
		};
		133E7F1C28BF759C0011385B /* Sources */ = {
			isa = PBXSourcesBuildPhase;
			buildActionMask = 2147483647;
			files = (
				133E7F2528BF759C0011385B /* Unit_Test_Network_RequestTests.swift in Sources */,
			);
			runOnlyForDeploymentPostprocessing = 0;
		};
		133E7F2628BF759C0011385B /* Sources */ = {
			isa = PBXSourcesBuildPhase;
			buildActionMask = 2147483647;
			files = (
				133E7F2F28BF759C0011385B /* Unit_Test_Network_RequestUITests.swift in Sources */,
				133E7F3128BF759C0011385B /* Unit_Test_Network_RequestUITestsLaunchTests.swift in Sources */,
			);
			runOnlyForDeploymentPostprocessing = 0;
		};
/* End PBXSourcesBuildPhase section */

/* Begin PBXTargetDependency section */
		133E7F2228BF759C0011385B /* PBXTargetDependency */ = {
			isa = PBXTargetDependency;
			target = 133E7F0928BF759B0011385B /* Unit-Test-Network-Request */;
			targetProxy = 133E7F2128BF759C0011385B /* PBXContainerItemProxy */;
		};
		133E7F2C28BF759C0011385B /* PBXTargetDependency */ = {
			isa = PBXTargetDependency;
			target = 133E7F0928BF759B0011385B /* Unit-Test-Network-Request */;
			targetProxy = 133E7F2B28BF759C0011385B /* PBXContainerItemProxy */;
		};
/* End PBXTargetDependency section */

/* Begin PBXVariantGroup section */
		133E7F1328BF759B0011385B /* Main.storyboard */ = {
			isa = PBXVariantGroup;
			children = (
				133E7F1428BF759B0011385B /* Base */,
			);
			name = Main.storyboard;
			sourceTree = "<group>";
		};
		133E7F1828BF759C0011385B /* LaunchScreen.storyboard */ = {
			isa = PBXVariantGroup;
			children = (
				133E7F1928BF759C0011385B /* Base */,
			);
			name = LaunchScreen.storyboard;
			sourceTree = "<group>";
		};
/* End PBXVariantGroup section */

/* Begin XCBuildConfiguration section */
		133E7F3228BF759C0011385B /* Debug */ = {
			isa = XCBuildConfiguration;
			buildSettings = {
				ALWAYS_SEARCH_USER_PATHS = NO;
				CLANG_ANALYZER_NONNULL = YES;
				CLANG_ANALYZER_NUMBER_OBJECT_CONVERSION = YES_AGGRESSIVE;
				CLANG_CXX_LANGUAGE_STANDARD = "gnu++17";
				CLANG_ENABLE_MODULES = YES;
				CLANG_ENABLE_OBJC_ARC = YES;
				CLANG_ENABLE_OBJC_WEAK = YES;
				CLANG_WARN_BLOCK_CAPTURE_AUTORELEASING = YES;
				CLANG_WARN_BOOL_CONVERSION = YES;
				CLANG_WARN_COMMA = YES;
				CLANG_WARN_CONSTANT_CONVERSION = YES;
				CLANG_WARN_DEPRECATED_OBJC_IMPLEMENTATIONS = YES;
				CLANG_WARN_DIRECT_OBJC_ISA_USAGE = YES_ERROR;
				CLANG_WARN_DOCUMENTATION_COMMENTS = YES;
				CLANG_WARN_EMPTY_BODY = YES;
				CLANG_WARN_ENUM_CONVERSION = YES;
				CLANG_WARN_INFINITE_RECURSION = YES;
				CLANG_WARN_INT_CONVERSION = YES;
				CLANG_WARN_NON_LITERAL_NULL_CONVERSION = YES;
				CLANG_WARN_OBJC_IMPLICIT_RETAIN_SELF = YES;
				CLANG_WARN_OBJC_LITERAL_CONVERSION = YES;
				CLANG_WARN_OBJC_ROOT_CLASS = YES_ERROR;
				CLANG_WARN_QUOTED_INCLUDE_IN_FRAMEWORK_HEADER = YES;
				CLANG_WARN_RANGE_LOOP_ANALYSIS = YES;
				CLANG_WARN_STRICT_PROTOTYPES = YES;
				CLANG_WARN_SUSPICIOUS_MOVE = YES;
				CLANG_WARN_UNGUARDED_AVAILABILITY = YES_AGGRESSIVE;
				CLANG_WARN_UNREACHABLE_CODE = YES;
				CLANG_WARN__DUPLICATE_METHOD_MATCH = YES;
				COPY_PHASE_STRIP = NO;
				DEBUG_INFORMATION_FORMAT = dwarf;
				ENABLE_STRICT_OBJC_MSGSEND = YES;
				ENABLE_TESTABILITY = YES;
				GCC_C_LANGUAGE_STANDARD = gnu11;
				GCC_DYNAMIC_NO_PIC = NO;
				GCC_NO_COMMON_BLOCKS = YES;
				GCC_OPTIMIZATION_LEVEL = 0;
				GCC_PREPROCESSOR_DEFINITIONS = (
					"DEBUG=1",
					"$(inherited)",
				);
				GCC_WARN_64_TO_32_BIT_CONVERSION = YES;
				GCC_WARN_ABOUT_RETURN_TYPE = YES_ERROR;
				GCC_WARN_UNDECLARED_SELECTOR = YES;
				GCC_WARN_UNINITIALIZED_AUTOS = YES_AGGRESSIVE;
				GCC_WARN_UNUSED_FUNCTION = YES;
				GCC_WARN_UNUSED_VARIABLE = YES;
				IPHONEOS_DEPLOYMENT_TARGET = 15.5;
				MTL_ENABLE_DEBUG_INFO = INCLUDE_SOURCE;
				MTL_FAST_MATH = YES;
				ONLY_ACTIVE_ARCH = YES;
				SDKROOT = iphoneos;
				SWIFT_ACTIVE_COMPILATION_CONDITIONS = DEBUG;
				SWIFT_OPTIMIZATION_LEVEL = "-Onone";
			};
			name = Debug;
		};
		133E7F3328BF759C0011385B /* Release */ = {
			isa = XCBuildConfiguration;
			buildSettings = {
				ALWAYS_SEARCH_USER_PATHS = NO;
				CLANG_ANALYZER_NONNULL = YES;
				CLANG_ANALYZER_NUMBER_OBJECT_CONVERSION = YES_AGGRESSIVE;
				CLANG_CXX_LANGUAGE_STANDARD = "gnu++17";
				CLANG_ENABLE_MODULES = YES;
				CLANG_ENABLE_OBJC_ARC = YES;
				CLANG_ENABLE_OBJC_WEAK = YES;
				CLANG_WARN_BLOCK_CAPTURE_AUTORELEASING = YES;
				CLANG_WARN_BOOL_CONVERSION = YES;
				CLANG_WARN_COMMA = YES;
				CLANG_WARN_CONSTANT_CONVERSION = YES;
				CLANG_WARN_DEPRECATED_OBJC_IMPLEMENTATIONS = YES;
				CLANG_WARN_DIRECT_OBJC_ISA_USAGE = YES_ERROR;
				CLANG_WARN_DOCUMENTATION_COMMENTS = YES;
				CLANG_WARN_EMPTY_BODY = YES;
				CLANG_WARN_ENUM_CONVERSION = YES;
				CLANG_WARN_INFINITE_RECURSION = YES;
				CLANG_WARN_INT_CONVERSION = YES;
				CLANG_WARN_NON_LITERAL_NULL_CONVERSION = YES;
				CLANG_WARN_OBJC_IMPLICIT_RETAIN_SELF = YES;
				CLANG_WARN_OBJC_LITERAL_CONVERSION = YES;
				CLANG_WARN_OBJC_ROOT_CLASS = YES_ERROR;
				CLANG_WARN_QUOTED_INCLUDE_IN_FRAMEWORK_HEADER = YES;
				CLANG_WARN_RANGE_LOOP_ANALYSIS = YES;
				CLANG_WARN_STRICT_PROTOTYPES = YES;
				CLANG_WARN_SUSPICIOUS_MOVE = YES;
				CLANG_WARN_UNGUARDED_AVAILABILITY = YES_AGGRESSIVE;
				CLANG_WARN_UNREACHABLE_CODE = YES;
				CLANG_WARN__DUPLICATE_METHOD_MATCH = YES;
				COPY_PHASE_STRIP = NO;
				DEBUG_INFORMATION_FORMAT = "dwarf-with-dsym";
				ENABLE_NS_ASSERTIONS = NO;
				ENABLE_STRICT_OBJC_MSGSEND = YES;
				GCC_C_LANGUAGE_STANDARD = gnu11;
				GCC_NO_COMMON_BLOCKS = YES;
				GCC_WARN_64_TO_32_BIT_CONVERSION = YES;
				GCC_WARN_ABOUT_RETURN_TYPE = YES_ERROR;
				GCC_WARN_UNDECLARED_SELECTOR = YES;
				GCC_WARN_UNINITIALIZED_AUTOS = YES_AGGRESSIVE;
				GCC_WARN_UNUSED_FUNCTION = YES;
				GCC_WARN_UNUSED_VARIABLE = YES;
				IPHONEOS_DEPLOYMENT_TARGET = 15.5;
				MTL_ENABLE_DEBUG_INFO = NO;
				MTL_FAST_MATH = YES;
				SDKROOT = iphoneos;
				SWIFT_COMPILATION_MODE = wholemodule;
				SWIFT_OPTIMIZATION_LEVEL = "-O";
				VALIDATE_PRODUCT = YES;
			};
			name = Release;
		};
		133E7F3528BF759C0011385B /* Debug */ = {
			isa = XCBuildConfiguration;
			buildSettings = {
				ASSETCATALOG_COMPILER_APPICON_NAME = AppIcon;
				ASSETCATALOG_COMPILER_GLOBAL_ACCENT_COLOR_NAME = AccentColor;
				CODE_SIGN_STYLE = Automatic;
				CURRENT_PROJECT_VERSION = 1;
				DEVELOPMENT_TEAM = RMTY324S26;
				GENERATE_INFOPLIST_FILE = YES;
				INFOPLIST_FILE = "Unit-Test-Network-Request/Supports/Info.plist";
				INFOPLIST_KEY_UIApplicationSupportsIndirectInputEvents = YES;
				INFOPLIST_KEY_UILaunchStoryboardName = LaunchScreen;
				INFOPLIST_KEY_UIMainStoryboardFile = Main;
				INFOPLIST_KEY_UISupportedInterfaceOrientations_iPad = "UIInterfaceOrientationPortrait UIInterfaceOrientationPortraitUpsideDown UIInterfaceOrientationLandscapeLeft UIInterfaceOrientationLandscapeRight";
				INFOPLIST_KEY_UISupportedInterfaceOrientations_iPhone = "UIInterfaceOrientationPortrait UIInterfaceOrientationLandscapeLeft UIInterfaceOrientationLandscapeRight";
				LD_RUNPATH_SEARCH_PATHS = (
					"$(inherited)",
					"@executable_path/Frameworks",
				);
				MARKETING_VERSION = 1.0;
				PRODUCT_BUNDLE_IDENTIFIER = "com.bugrayenidunya.Unit-Test-Network-Request";
				PRODUCT_NAME = "$(TARGET_NAME)";
				SWIFT_EMIT_LOC_STRINGS = YES;
				SWIFT_VERSION = 5.0;
				TARGETED_DEVICE_FAMILY = 1;
			};
			name = Debug;
		};
		133E7F3628BF759C0011385B /* Release */ = {
			isa = XCBuildConfiguration;
			buildSettings = {
				ASSETCATALOG_COMPILER_APPICON_NAME = AppIcon;
				ASSETCATALOG_COMPILER_GLOBAL_ACCENT_COLOR_NAME = AccentColor;
				CODE_SIGN_STYLE = Automatic;
				CURRENT_PROJECT_VERSION = 1;
				DEVELOPMENT_TEAM = RMTY324S26;
				GENERATE_INFOPLIST_FILE = YES;
				INFOPLIST_FILE = "Unit-Test-Network-Request/Supports/Info.plist";
				INFOPLIST_KEY_UIApplicationSupportsIndirectInputEvents = YES;
				INFOPLIST_KEY_UILaunchStoryboardName = LaunchScreen;
				INFOPLIST_KEY_UIMainStoryboardFile = Main;
				INFOPLIST_KEY_UISupportedInterfaceOrientations_iPad = "UIInterfaceOrientationPortrait UIInterfaceOrientationPortraitUpsideDown UIInterfaceOrientationLandscapeLeft UIInterfaceOrientationLandscapeRight";
				INFOPLIST_KEY_UISupportedInterfaceOrientations_iPhone = "UIInterfaceOrientationPortrait UIInterfaceOrientationLandscapeLeft UIInterfaceOrientationLandscapeRight";
				LD_RUNPATH_SEARCH_PATHS = (
					"$(inherited)",
					"@executable_path/Frameworks",
				);
				MARKETING_VERSION = 1.0;
				PRODUCT_BUNDLE_IDENTIFIER = "com.bugrayenidunya.Unit-Test-Network-Request";
				PRODUCT_NAME = "$(TARGET_NAME)";
				SWIFT_EMIT_LOC_STRINGS = YES;
				SWIFT_VERSION = 5.0;
				TARGETED_DEVICE_FAMILY = 1;
			};
			name = Release;
		};
		133E7F3828BF759C0011385B /* Debug */ = {
			isa = XCBuildConfiguration;
			buildSettings = {
				ALWAYS_EMBED_SWIFT_STANDARD_LIBRARIES = YES;
				BUNDLE_LOADER = "$(TEST_HOST)";
				CODE_SIGN_STYLE = Automatic;
				CURRENT_PROJECT_VERSION = 1;
				DEVELOPMENT_TEAM = RMTY324S26;
				GENERATE_INFOPLIST_FILE = YES;
				IPHONEOS_DEPLOYMENT_TARGET = 15.5;
				MARKETING_VERSION = 1.0;
				PRODUCT_BUNDLE_IDENTIFIER = "com.bugrayenidunya.Unit-Test-Network-RequestTests";
				PRODUCT_NAME = "$(TARGET_NAME)";
				SWIFT_EMIT_LOC_STRINGS = NO;
				SWIFT_VERSION = 5.0;
				TARGETED_DEVICE_FAMILY = "1,2";
				TEST_HOST = "$(BUILT_PRODUCTS_DIR)/Unit-Test-Network-Request.app/Unit-Test-Network-Request";
			};
			name = Debug;
		};
		133E7F3928BF759C0011385B /* Release */ = {
			isa = XCBuildConfiguration;
			buildSettings = {
				ALWAYS_EMBED_SWIFT_STANDARD_LIBRARIES = YES;
				BUNDLE_LOADER = "$(TEST_HOST)";
				CODE_SIGN_STYLE = Automatic;
				CURRENT_PROJECT_VERSION = 1;
				DEVELOPMENT_TEAM = RMTY324S26;
				GENERATE_INFOPLIST_FILE = YES;
				IPHONEOS_DEPLOYMENT_TARGET = 15.5;
				MARKETING_VERSION = 1.0;
				PRODUCT_BUNDLE_IDENTIFIER = "com.bugrayenidunya.Unit-Test-Network-RequestTests";
				PRODUCT_NAME = "$(TARGET_NAME)";
				SWIFT_EMIT_LOC_STRINGS = NO;
				SWIFT_VERSION = 5.0;
				TARGETED_DEVICE_FAMILY = "1,2";
				TEST_HOST = "$(BUILT_PRODUCTS_DIR)/Unit-Test-Network-Request.app/Unit-Test-Network-Request";
			};
			name = Release;
		};
		133E7F3B28BF759C0011385B /* Debug */ = {
			isa = XCBuildConfiguration;
			buildSettings = {
				ALWAYS_EMBED_SWIFT_STANDARD_LIBRARIES = YES;
				CODE_SIGN_STYLE = Automatic;
				CURRENT_PROJECT_VERSION = 1;
				DEVELOPMENT_TEAM = RMTY324S26;
				GENERATE_INFOPLIST_FILE = YES;
				MARKETING_VERSION = 1.0;
				PRODUCT_BUNDLE_IDENTIFIER = "com.bugrayenidunya.Unit-Test-Network-RequestUITests";
				PRODUCT_NAME = "$(TARGET_NAME)";
				SWIFT_EMIT_LOC_STRINGS = NO;
				SWIFT_VERSION = 5.0;
				TARGETED_DEVICE_FAMILY = "1,2";
				TEST_TARGET_NAME = "Unit-Test-Network-Request";
			};
			name = Debug;
		};
		133E7F3C28BF759C0011385B /* Release */ = {
			isa = XCBuildConfiguration;
			buildSettings = {
				ALWAYS_EMBED_SWIFT_STANDARD_LIBRARIES = YES;
				CODE_SIGN_STYLE = Automatic;
				CURRENT_PROJECT_VERSION = 1;
				DEVELOPMENT_TEAM = RMTY324S26;
				GENERATE_INFOPLIST_FILE = YES;
				MARKETING_VERSION = 1.0;
				PRODUCT_BUNDLE_IDENTIFIER = "com.bugrayenidunya.Unit-Test-Network-RequestUITests";
				PRODUCT_NAME = "$(TARGET_NAME)";
				SWIFT_EMIT_LOC_STRINGS = NO;
				SWIFT_VERSION = 5.0;
				TARGETED_DEVICE_FAMILY = "1,2";
				TEST_TARGET_NAME = "Unit-Test-Network-Request";
			};
			name = Release;
		};
/* End XCBuildConfiguration section */

/* Begin XCConfigurationList section */
		133E7F0528BF759B0011385B /* Build configuration list for PBXProject "Unit-Test-Network-Request" */ = {
			isa = XCConfigurationList;
			buildConfigurations = (
				133E7F3228BF759C0011385B /* Debug */,
				133E7F3328BF759C0011385B /* Release */,
			);
			defaultConfigurationIsVisible = 0;
			defaultConfigurationName = Release;
		};
		133E7F3428BF759C0011385B /* Build configuration list for PBXNativeTarget "Unit-Test-Network-Request" */ = {
			isa = XCConfigurationList;
			buildConfigurations = (
				133E7F3528BF759C0011385B /* Debug */,
				133E7F3628BF759C0011385B /* Release */,
			);
			defaultConfigurationIsVisible = 0;
			defaultConfigurationName = Release;
		};
		133E7F3728BF759C0011385B /* Build configuration list for PBXNativeTarget "Unit-Test-Network-RequestTests" */ = {
			isa = XCConfigurationList;
			buildConfigurations = (
				133E7F3828BF759C0011385B /* Debug */,
				133E7F3928BF759C0011385B /* Release */,
			);
			defaultConfigurationIsVisible = 0;
			defaultConfigurationName = Release;
		};
		133E7F3A28BF759C0011385B /* Build configuration list for PBXNativeTarget "Unit-Test-Network-RequestUITests" */ = {
			isa = XCConfigurationList;
			buildConfigurations = (
				133E7F3B28BF759C0011385B /* Debug */,
				133E7F3C28BF759C0011385B /* Release */,
			);
			defaultConfigurationIsVisible = 0;
			defaultConfigurationName = Release;
		};
/* End XCConfigurationList section */
	};
	rootObject = 133E7F0228BF759B0011385B /* Project object */;
}
